<?xml version="1.0" encoding="utf-8"?>
<Project ToolsVersion="4.0" xmlns="http://schemas.microsoft.com/developer/msbuild/2003">
  <ItemGroup>
    <Filter Include="BGI">
      <UniqueIdentifier>{1ed1c2aa-b0a5-40fb-a334-046e498cf552}</UniqueIdentifier>
    </Filter>
    <Filter Include="Main">
      <UniqueIdentifier>{e57f1840-e8b6-499a-8c01-f861592f4c0c}</UniqueIdentifier>
    </Filter>
    <Filter Include="include">
      <UniqueIdentifier>{93995380-89BD-4b04-88EB-625FBE52EBFB}</UniqueIdentifier>
      <Extensions>h;hpp;hxx;hm;inl;inc;xsd</Extensions>
    </Filter>
    <Filter Include="src">
      <UniqueIdentifier>{4FC737F1-C7A5-4376-A066-2A32D752A2FF}</UniqueIdentifier>
      <Extensions>cpp;c;cc;cxx;def;odl;idl;hpj;bat;asm;asmx</Extensions>
    </Filter>
    <Filter Include="tests">
      <UniqueIdentifier>{c62dbbee-bc91-458e-b4f9-b26b083935ec}</UniqueIdentifier>
    </Filter>
  </ItemGroup>
  <ItemGroup>
    <ClCompile Include="src\assets.cpp">
      <Filter>src</Filter>
    </ClCompile>
    <ClCompile Include="src\fx.cpp">
      <Filter>src</Filter>
    </ClCompile>
    <ClCompile Include="src\leaderboard.cpp">
      <Filter>src</Filter>
    </ClCompile>
    <ClCompile Include="src\matrix.cpp">
      <Filter>src</Filter>
    </ClCompile>
    <ClCompile Include="src\physics.cpp">
      <Filter>src</Filter>
    </ClCompile>
    <ClCompile Include="src\quadtree.cpp">
      <Filter>src</Filter>
    </ClCompile>
    <ClCompile Include="src\vector.cpp">
      <Filter>src</Filter>
    </ClCompile>
    <ClCompile Include="bgi\winbgi.cxx">
      <Filter>BGI</Filter>
    </ClCompile>
    <ClCompile Include="bgi\bgiout.cxx">
      <Filter>BGI</Filter>
    </ClCompile>
    <ClCompile Include="bgi\dibutil.cxx">
      <Filter>BGI</Filter>
    </ClCompile>
    <ClCompile Include="bgi\drawing.cxx">
      <Filter>BGI</Filter>
    </ClCompile>
    <ClCompile Include="bgi\file.cxx">
      <Filter>BGI</Filter>
    </ClCompile>
    <ClCompile Include="bgi\main.cxx">
      <Filter>BGI</Filter>
    </ClCompile>
    <ClCompile Include="bgi\misc.cxx">
      <Filter>BGI</Filter>
    </ClCompile>
    <ClCompile Include="bgi\mouse.cxx">
      <Filter>BGI</Filter>
    </ClCompile>
    <ClCompile Include="bgi\palette.cxx">
      <Filter>BGI</Filter>
    </ClCompile>
    <ClCompile Include="bgi\text.cxx">
      <Filter>BGI</Filter>
    </ClCompile>
    <ClCompile Include="bgi\winthread.cxx">
      <Filter>BGI</Filter>
    </ClCompile>
    <ClCompile Include="examples\Archery_main.cpp">
      <Filter>Main</Filter>
    </ClCompile>
    <ClCompile Include="examples\Football_main.cpp">
      <Filter>Main</Filter>
    </ClCompile>
    <ClCompile Include="examples\Archery_Verlet.cpp">
      <Filter>Main</Filter>
    </ClCompile>
    <ClCompile Include="examples\pong_Main_Bak.cpp">
      <Filter>Main</Filter>
    </ClCompile>
    <ClCompile Include="examples\Sandbox.cpp">
      <Filter>Main</Filter>
    </ClCompile>
    <ClCompile Include="tests\matrix_test.cpp">
      <Filter>tests</Filter>
    </ClCompile>
    <ClCompile Include="tests\rotation_test.cpp">
      <Filter>tests</Filter>
    </ClCompile>
    <ClCompile Include="tests\scaling_test.cpp">
      <Filter>tests</Filter>
    </ClCompile>
    <ClCompile Include="tests\shearing_test.cpp">
      <Filter>tests</Filter>
    </ClCompile>
    <ClCompile Include="tests\translation_test.cpp">
      <Filter>tests</Filter>
    </ClCompile>
  </ItemGroup>
  <ItemGroup>
    <ClInclude Include="bgi\dibutil.h">
      <Filter>BGI</Filter>
    </ClInclude>
    <ClInclude Include="bgi\graphics.h">
      <Filter>BGI</Filter>
    </ClInclude>
    <ClInclude Include="bgi\winbgi.h">
      <Filter>BGI</Filter>
    </ClInclude>
    <ClInclude Include="bgi\winbgim.h">
      <Filter>BGI</Filter>
    </ClInclude>
    <ClInclude Include="bgi\winbgitypes.h">
      <Filter>BGI</Filter>
    </ClInclude>
    <ClInclude Include="include\assets.h">
      <Filter>include</Filter>
    </ClInclude>
    <ClInclude Include="include\fx.h">
      <Filter>include</Filter>
    </ClInclude>
    <ClInclude Include="include\leaderboard.h">
      <Filter>include</Filter>
    </ClInclude>
    <ClInclude Include="include\matrix.h">
      <Filter>include</Filter>
    </ClInclude>
    <ClInclude Include="include\physics.h">
      <Filter>include</Filter>
    </ClInclude>
    <ClInclude Include="include\primitives.h">
      <Filter>include</Filter>
    </ClInclude>
    <ClInclude Include="include\quadtree.h">
      <Filter>include</Filter>
    </ClInclude>
    <ClInclude Include="include\vector.h">
      <Filter>include</Filter>
    </ClInclude>
    <ClInclude Include="include\colors.h">
      <Filter>include</Filter>
    </ClInclude>
  </ItemGroup>
</Project>